
Microsoft Visual Studio Solution File, Format Version 12.00
Project("{FAE04EC0-301F-11D3-BF4B-00C04F79EFBC}") = "SharpScript", "SharpScript\SharpScript.csproj", "{005F0BFC-2662-419B-B823-697C10D142C3}"
EndProject
Project("{FAE04EC0-301F-11D3-BF4B-00C04F79EFBC}") = "SharpScript.Lexer", "SharpScript.Lexer\SharpScript.Lexer.csproj", "{B8FF0A68-A6E6-49F4-A34D-F4DB7F37CE7B}"
EndProject
Project("{FAE04EC0-301F-11D3-BF4B-00C04F79EFBC}") = "SharpScript.Parser", "SharpScript.Parser\SharpScript.Parser.csproj", "{ADC8CA7A-0266-4131-9524-5E0A954A1391}"
EndProject
Project("{FAE04EC0-301F-11D3-BF4B-00C04F79EFBC}") = "SharpScript.Evaluator", "SharpScript.Evaluator\SharpScript.Evaluator.csproj", "{7E457189-0CE9-4B02-8F94-D9CE5D76C3CF}"
EndProject
Global
	GlobalSection(SolutionConfigurationPlatforms) = preSolution
		Debug|Any CPU = Debug|Any CPU
		Release|Any CPU = Release|Any CPU
	EndGlobalSection
	GlobalSection(ProjectConfigurationPlatforms) = postSolution
		{005F0BFC-2662-419B-B823-697C10D142C3}.Debug|Any CPU.ActiveCfg = Debug|Any CPU
		{005F0BFC-2662-419B-B823-697C10D142C3}.Debug|Any CPU.Build.0 = Debug|Any CPU
		{005F0BFC-2662-419B-B823-697C10D142C3}.Release|Any CPU.ActiveCfg = Release|Any CPU
		{005F0BFC-2662-419B-B823-697C10D142C3}.Release|Any CPU.Build.0 = Release|Any CPU
		{B8FF0A68-A6E6-49F4-A34D-F4DB7F37CE7B}.Debug|Any CPU.ActiveCfg = Debug|Any CPU
		{B8FF0A68-A6E6-49F4-A34D-F4DB7F37CE7B}.Debug|Any CPU.Build.0 = Debug|Any CPU
		{B8FF0A68-A6E6-49F4-A34D-F4DB7F37CE7B}.Release|Any CPU.ActiveCfg = Release|Any CPU
		{B8FF0A68-A6E6-49F4-A34D-F4DB7F37CE7B}.Release|Any CPU.Build.0 = Release|Any CPU
		{ADC8CA7A-0266-4131-9524-5E0A954A1391}.Debug|Any CPU.ActiveCfg = Debug|Any CPU
		{ADC8CA7A-0266-4131-9524-5E0A954A1391}.Debug|Any CPU.Build.0 = Debug|Any CPU
		{ADC8CA7A-0266-4131-9524-5E0A954A1391}.Release|Any CPU.ActiveCfg = Release|Any CPU
		{ADC8CA7A-0266-4131-9524-5E0A954A1391}.Release|Any CPU.Build.0 = Release|Any CPU
		{7E457189-0CE9-4B02-8F94-D9CE5D76C3CF}.Debug|Any CPU.ActiveCfg = Debug|Any CPU
		{7E457189-0CE9-4B02-8F94-D9CE5D76C3CF}.Debug|Any CPU.Build.0 = Debug|Any CPU
		{7E457189-0CE9-4B02-8F94-D9CE5D76C3CF}.Release|Any CPU.ActiveCfg = Release|Any CPU
		{7E457189-0CE9-4B02-8F94-D9CE5D76C3CF}.Release|Any CPU.Build.0 = Release|Any CPU
	EndGlobalSection
EndGlobal
